
Microsoft Visual Studio Solution File, Format Version 12.00
# Visual Studio Version 17
VisualStudioVersion = 17.5.33530.505
MinimumVisualStudioVersion = 10.0.40219.1
Project("{FAE04EC0-301F-11D3-BF4B-00C04F79EFBC}") = "TareaEV3", "TareaEV3.csproj", "{C6F9AD8A-DA39-4393-9B96-BD3FDC7E0B87}"
EndProject
Global
	GlobalSection(SolutionConfigurationPlatforms) = preSolution
		Debug|Any CPU = Debug|Any CPU
		Release|Any CPU = Release|Any CPU
	EndGlobalSection
	GlobalSection(ProjectConfigurationPlatforms) = postSolution
		{C6F9AD8A-DA39-4393-9B96-BD3FDC7E0B87}.Debug|Any CPU.ActiveCfg = Debug|Any CPU
		{C6F9AD8A-DA39-4393-9B96-BD3FDC7E0B87}.Debug|Any CPU.Build.0 = Debug|Any CPU
		{C6F9AD8A-DA39-4393-9B96-BD3FDC7E0B87}.Release|Any CPU.ActiveCfg = Release|Any CPU
		{C6F9AD8A-DA39-4393-9B96-BD3FDC7E0B87}.Release|Any CPU.Build.0 = Release|Any CPU
	EndGlobalSection
	GlobalSection(SolutionProperties) = preSolution
		HideSolutionNode = FALSE
	EndGlobalSection
	GlobalSection(ExtensibilityGlobals) = postSolution
		SolutionGuid = {C5D970DE-0C70-4531-948C-DD7CB902937F}
	EndGlobalSection
EndGlobal
